
Microsoft Visual Studio Solution File, Format Version 12.00
# Visual Studio Version 16
VisualStudioVersion = 16.0.31515.178
MinimumVisualStudioVersion = 10.0.40219.1
Project("{FAE04EC0-301F-11D3-BF4B-00C04F79EFBC}") = "Systems_ComplexDB", "Systems_ComplexDB\Systems_ComplexDB.csproj", "{7E993719-275A-4AC3-8DEC-5487E8C91333}"
EndProject
Global
	GlobalSection(SolutionConfigurationPlatforms) = preSolution
		Debug|Any CPU = Debug|Any CPU
		Release|Any CPU = Release|Any CPU
	EndGlobalSection
	GlobalSection(ProjectConfigurationPlatforms) = postSolution
		{7E993719-275A-4AC3-8DEC-5487E8C91333}.Debug|Any CPU.ActiveCfg = Debug|Any CPU
		{7E993719-275A-4AC3-8DEC-5487E8C91333}.Debug|Any CPU.Build.0 = Debug|Any CPU
		{7E993719-275A-4AC3-8DEC-5487E8C91333}.Release|Any CPU.ActiveCfg = Release|Any CPU
		{7E993719-275A-4AC3-8DEC-5487E8C91333}.Release|Any CPU.Build.0 = Release|Any CPU
	EndGlobalSection
	GlobalSection(SolutionProperties) = preSolution
		HideSolutionNode = FALSE
	EndGlobalSection
	GlobalSection(ExtensibilityGlobals) = postSolution
		SolutionGuid = {115283D0-2E2A-4222-8A62-93B8DC3B0F2E}
	EndGlobalSection
EndGlobal
